Microsoft Visual Studio Solution File, Format Version 11.00
# Visual Studio 2008

Project("{C3DBBDF7-EA4B-E895-FB65-DF3E7E6A04F1}") = "CSE 165", "Assembly-CSharp-firstpass.csproj", "{FFCA913E-F792-1B6B-AE77-34AD80A9A85F}"
EndProject
Project("{C3DBBDF7-EA4B-E895-FB65-DF3E7E6A04F1}") = "CSE 165", "Assembly-CSharp.csproj", "{ABC3B1CF-631A-010D-3A9F-4023B8FC64B7}"
EndProject
Project("{C3DBBDF7-EA4B-E895-FB65-DF3E7E6A04F1}") = "CSE 165", "Assembly-CSharp-Editor.csproj", "{69B80D27-EA5A-9EEC-3412-801635BA300B}"
EndProject
Project("{C3DBBDF7-EA4B-E895-FB65-DF3E7E6A04F1}") = "CSE 165", "Assembly-UnityScript-firstpass.unityproj", "{7BC108CF-4909-DDE3-726D-318B78A74FC6}"
EndProject
Global
	GlobalSection(SolutionConfigurationPlatforms) = preSolution
		Debug|Any CPU = Debug|Any CPU
		Release|Any CPU = Release|Any CPU
	EndGlobalSection
	GlobalSection(ProjectConfigurationPlatforms) = postSolution
		{FFCA913E-F792-1B6B-AE77-34AD80A9A85F}.Debug|Any CPU.ActiveCfg = Debug|Any CPU
		{FFCA913E-F792-1B6B-AE77-34AD80A9A85F}.Debug|Any CPU.Build.0 = Debug|Any CPU
		{FFCA913E-F792-1B6B-AE77-34AD80A9A85F}.Release|Any CPU.ActiveCfg = Release|Any CPU
		{FFCA913E-F792-1B6B-AE77-34AD80A9A85F}.Release|Any CPU.Build.0 = Release|Any CPU
		{ABC3B1CF-631A-010D-3A9F-4023B8FC64B7}.Debug|Any CPU.ActiveCfg = Debug|Any CPU
		{ABC3B1CF-631A-010D-3A9F-4023B8FC64B7}.Debug|Any CPU.Build.0 = Debug|Any CPU
		{ABC3B1CF-631A-010D-3A9F-4023B8FC64B7}.Release|Any CPU.ActiveCfg = Release|Any CPU
		{ABC3B1CF-631A-010D-3A9F-4023B8FC64B7}.Release|Any CPU.Build.0 = Release|Any CPU
		{69B80D27-EA5A-9EEC-3412-801635BA300B}.Debug|Any CPU.ActiveCfg = Debug|Any CPU
		{69B80D27-EA5A-9EEC-3412-801635BA300B}.Debug|Any CPU.Build.0 = Debug|Any CPU
		{69B80D27-EA5A-9EEC-3412-801635BA300B}.Release|Any CPU.ActiveCfg = Release|Any CPU
		{69B80D27-EA5A-9EEC-3412-801635BA300B}.Release|Any CPU.Build.0 = Release|Any CPU
		{7BC108CF-4909-DDE3-726D-318B78A74FC6}.Debug|Any CPU.ActiveCfg = Debug|Any CPU
		{7BC108CF-4909-DDE3-726D-318B78A74FC6}.Debug|Any CPU.Build.0 = Debug|Any CPU
		{7BC108CF-4909-DDE3-726D-318B78A74FC6}.Release|Any CPU.ActiveCfg = Release|Any CPU
		{7BC108CF-4909-DDE3-726D-318B78A74FC6}.Release|Any CPU.Build.0 = Release|Any CPU
	EndGlobalSection
	GlobalSection(SolutionProperties) = preSolution
		HideSolutionNode = FALSE
	EndGlobalSection
																																																			GlobalSection(MonoDevelopProperties) = preSolution
		StartupItem = Assembly-CSharp.csproj
		Policies = $0
		$0.TextStylePolicy = $1
		$1.inheritsSet = null
		$1.scope = text/x-csharp
		$0.CSharpFormattingPolicy = $2
		$2.inheritsSet = Mono
		$2.inheritsScope = text/x-csharp
		$2.scope = text/x-csharp
		$0.TextStylePolicy = $3
		$3.FileWidth = 120
		$3.TabWidth = 4
		$3.EolMarker = Unix
		$3.inheritsSet = Mono
		$3.inheritsScope = text/plain
		$3.scope = text/plain
	EndGlobalSection

EndGlobal
